
Microsoft Visual Studio Solution File, Format Version 12.00
# Visual Studio Version 17
VisualStudioVersion = 17.5.002.0
MinimumVisualStudioVersion = 10.0.40219.1
Project("{2150E333-8FDC-42A3-9474-1A3956D46DE8}") = "csharp-prep", "csharp-prep", "{EC979659-5696-4798-8489-3FA5AED4AC42}"
EndProject
Project("{9A19103F-16F7-4668-BE54-9A1E7A4F7556}") = "Prep1", "csharp-prep\Prep1\Prep1.csproj", "{7EDA736C-0C1C-4CA4-99C7-14F311200378}"
EndProject
Project("{9A19103F-16F7-4668-BE54-9A1E7A4F7556}") = "Prep2", "csharp-prep\Prep2\Prep2.csproj", "{C548EBF9-35BC-4312-A432-8384E105FA96}"
EndProject
Project("{9A19103F-16F7-4668-BE54-9A1E7A4F7556}") = "Prep3", "csharp-prep\Prep3\Prep3.csproj", "{654F8DC5-DC02-4C4D-9313-4798C3E11465}"
EndProject
Project("{9A19103F-16F7-4668-BE54-9A1E7A4F7556}") = "Prep4", "csharp-prep\Prep4\Prep4.csproj", "{A405A977-9E0D-41C1-8335-60878D99D692}"
EndProject
Project("{9A19103F-16F7-4668-BE54-9A1E7A4F7556}") = "Prep5", "csharp-prep\Prep5\Prep5.csproj", "{4A91204D-4CE3-447E-B32C-3658916BDAD8}"
EndProject
Project("{2150E333-8FDC-42A3-9474-1A3956D46DE8}") = "final", "final", "{1DE44F87-4288-4CF4-AA8F-556758E62FA7}"
EndProject
Project("{9A19103F-16F7-4668-BE54-9A1E7A4F7556}") = "FinalProject", "final\FinalProject\FinalProject.csproj", "{995427F1-DE8F-433C-9FE8-DC93E8AD414E}"
EndProject
Project("{9A19103F-16F7-4668-BE54-9A1E7A4F7556}") = "Foundation1", "final\Foundation1\Foundation1.csproj", "{82BBEEA3-4594-472E-919D-807EBFF247E9}"
EndProject
Project("{9A19103F-16F7-4668-BE54-9A1E7A4F7556}") = "Foundation2", "final\Foundation2\Foundation2.csproj", "{E7710BEE-B9E7-4A85-BA98-CA803FEED203}"
EndProject
Project("{9A19103F-16F7-4668-BE54-9A1E7A4F7556}") = "Foundation3", "final\Foundation3\Foundation3.csproj", "{2AB533D4-B67E-420D-A91D-DD0F9DB46F69}"
EndProject
Project("{9A19103F-16F7-4668-BE54-9A1E7A4F7556}") = "Foundation4", "final\Foundation4\Foundation4.csproj", "{011BE7A6-467D-436A-91E3-A727335A8A6E}"
EndProject
Project("{2150E333-8FDC-42A3-9474-1A3956D46DE8}") = "prepare", "prepare", "{CBB975AA-B190-4071-9BB4-F8188C5C43D8}"
EndProject
Project("{9A19103F-16F7-4668-BE54-9A1E7A4F7556}") = "Learning02", "prepare\Learning02\Learning02.csproj", "{EDC2C71B-4BF4-4299-A0FA-7B7AFD9388BE}"
EndProject
Project("{9A19103F-16F7-4668-BE54-9A1E7A4F7556}") = "Learning03", "prepare\Learning03\Learning03.csproj", "{5D23F5D2-0102-4457-8B73-0C45FF625D88}"
EndProject
Project("{9A19103F-16F7-4668-BE54-9A1E7A4F7556}") = "Learning04", "prepare\Learning04\Learning04.csproj", "{3F42891A-D373-40ED-840D-70E634564F64}"
EndProject
Project("{9A19103F-16F7-4668-BE54-9A1E7A4F7556}") = "Learning05", "prepare\Learning05\Learning05.csproj", "{AB740DC9-B66A-4487-809B-E472D663CA49}"
EndProject
Project("{2150E333-8FDC-42A3-9474-1A3956D46DE8}") = "prove", "prove", "{626C59A6-EAD1-4D5C-99B7-28CE9DBD7F6B}"
EndProject
Project("{9A19103F-16F7-4668-BE54-9A1E7A4F7556}") = "Develop02", "prove\Develop02\Develop02.csproj", "{3A6A59D8-0330-459D-95CA-55DA121109E1}"
EndProject
Project("{9A19103F-16F7-4668-BE54-9A1E7A4F7556}") = "Develop03", "prove\Develop03\Develop03.csproj", "{48BD0BC4-860A-4491-AD19-EAE51F2EEDF4}"
EndProject
Project("{9A19103F-16F7-4668-BE54-9A1E7A4F7556}") = "Develop04", "prove\Develop04\Develop04.csproj", "{DC9974DA-25A8-4BE4-B1F3-05CEC9332714}"
EndProject
Project("{9A19103F-16F7-4668-BE54-9A1E7A4F7556}") = "Develop05", "prove\Develop05\Develop05.csproj", "{76A430AC-C453-4F44-99AE-5DAC29912589}"
EndProject
Project("{2150E333-8FDC-42A3-9474-1A3956D46DE8}") = "sandbox", "sandbox", "{97A27002-2A14-444D-842E-8DAC6C93A920}"
EndProject
Project("{9A19103F-16F7-4668-BE54-9A1E7A4F7556}") = "Sandbox", "sandbox\Sandbox\Sandbox.csproj", "{DEF8BD76-D72E-4E47-965B-380DB675F6AF}"
EndProject
Global
	GlobalSection(SolutionConfigurationPlatforms) = preSolution
		Debug|Any CPU = Debug|Any CPU
		Release|Any CPU = Release|Any CPU
	EndGlobalSection
	GlobalSection(ProjectConfigurationPlatforms) = postSolution
		{7EDA736C-0C1C-4CA4-99C7-14F311200378}.Debug|Any CPU.ActiveCfg = Debug|Any CPU
		{7EDA736C-0C1C-4CA4-99C7-14F311200378}.Debug|Any CPU.Build.0 = Debug|Any CPU
		{7EDA736C-0C1C-4CA4-99C7-14F311200378}.Release|Any CPU.ActiveCfg = Release|Any CPU
		{7EDA736C-0C1C-4CA4-99C7-14F311200378}.Release|Any CPU.Build.0 = Release|Any CPU
		{C548EBF9-35BC-4312-A432-8384E105FA96}.Debug|Any CPU.ActiveCfg = Debug|Any CPU
		{C548EBF9-35BC-4312-A432-8384E105FA96}.Debug|Any CPU.Build.0 = Debug|Any CPU
		{C548EBF9-35BC-4312-A432-8384E105FA96}.Release|Any CPU.ActiveCfg = Release|Any CPU
		{C548EBF9-35BC-4312-A432-8384E105FA96}.Release|Any CPU.Build.0 = Release|Any CPU
		{654F8DC5-DC02-4C4D-9313-4798C3E11465}.Debug|Any CPU.ActiveCfg = Debug|Any CPU
		{654F8DC5-DC02-4C4D-9313-4798C3E11465}.Debug|Any CPU.Build.0 = Debug|Any CPU
		{654F8DC5-DC02-4C4D-9313-4798C3E11465}.Release|Any CPU.ActiveCfg = Release|Any CPU
		{654F8DC5-DC02-4C4D-9313-4798C3E11465}.Release|Any CPU.Build.0 = Release|Any CPU
		{A405A977-9E0D-41C1-8335-60878D99D692}.Debug|Any CPU.ActiveCfg = Debug|Any CPU
		{A405A977-9E0D-41C1-8335-60878D99D692}.Debug|Any CPU.Build.0 = Debug|Any CPU
		{A405A977-9E0D-41C1-8335-60878D99D692}.Release|Any CPU.ActiveCfg = Release|Any CPU
		{A405A977-9E0D-41C1-8335-60878D99D692}.Release|Any CPU.Build.0 = Release|Any CPU
		{4A91204D-4CE3-447E-B32C-3658916BDAD8}.Debug|Any CPU.ActiveCfg = Debug|Any CPU
		{4A91204D-4CE3-447E-B32C-3658916BDAD8}.Debug|Any CPU.Build.0 = Debug|Any CPU
		{4A91204D-4CE3-447E-B32C-3658916BDAD8}.Release|Any CPU.ActiveCfg = Release|Any CPU
		{4A91204D-4CE3-447E-B32C-3658916BDAD8}.Release|Any CPU.Build.0 = Release|Any CPU
		{995427F1-DE8F-433C-9FE8-DC93E8AD414E}.Debug|Any CPU.ActiveCfg = Debug|Any CPU
		{995427F1-DE8F-433C-9FE8-DC93E8AD414E}.Debug|Any CPU.Build.0 = Debug|Any CPU
		{995427F1-DE8F-433C-9FE8-DC93E8AD414E}.Release|Any CPU.ActiveCfg = Release|Any CPU
		{995427F1-DE8F-433C-9FE8-DC93E8AD414E}.Release|Any CPU.Build.0 = Release|Any CPU
		{82BBEEA3-4594-472E-919D-807EBFF247E9}.Debug|Any CPU.ActiveCfg = Debug|Any CPU
		{82BBEEA3-4594-472E-919D-807EBFF247E9}.Debug|Any CPU.Build.0 = Debug|Any CPU
		{82BBEEA3-4594-472E-919D-807EBFF247E9}.Release|Any CPU.ActiveCfg = Release|Any CPU
		{82BBEEA3-4594-472E-919D-807EBFF247E9}.Release|Any CPU.Build.0 = Release|Any CPU
		{E7710BEE-B9E7-4A85-BA98-CA803FEED203}.Debug|Any CPU.ActiveCfg = Debug|Any CPU
		{E7710BEE-B9E7-4A85-BA98-CA803FEED203}.Debug|Any CPU.Build.0 = Debug|Any CPU
		{E7710BEE-B9E7-4A85-BA98-CA803FEED203}.Release|Any CPU.ActiveCfg = Release|Any CPU
		{E7710BEE-B9E7-4A85-BA98-CA803FEED203}.Release|Any CPU.Build.0 = Release|Any CPU
		{2AB533D4-B67E-420D-A91D-DD0F9DB46F69}.Debug|Any CPU.ActiveCfg = Debug|Any CPU
		{2AB533D4-B67E-420D-A91D-DD0F9DB46F69}.Debug|Any CPU.Build.0 = Debug|Any CPU
		{2AB533D4-B67E-420D-A91D-DD0F9DB46F69}.Release|Any CPU.ActiveCfg = Release|Any CPU
		{2AB533D4-B67E-420D-A91D-DD0F9DB46F69}.Release|Any CPU.Build.0 = Release|Any CPU
		{011BE7A6-467D-436A-91E3-A727335A8A6E}.Debug|Any CPU.ActiveCfg = Debug|Any CPU
		{011BE7A6-467D-436A-91E3-A727335A8A6E}.Debug|Any CPU.Build.0 = Debug|Any CPU
		{011BE7A6-467D-436A-91E3-A727335A8A6E}.Release|Any CPU.ActiveCfg = Release|Any CPU
		{011BE7A6-467D-436A-91E3-A727335A8A6E}.Release|Any CPU.Build.0 = Release|Any CPU
		{EDC2C71B-4BF4-4299-A0FA-7B7AFD9388BE}.Debug|Any CPU.ActiveCfg = Debug|Any CPU
		{EDC2C71B-4BF4-4299-A0FA-7B7AFD9388BE}.Debug|Any CPU.Build.0 = Debug|Any CPU
		{EDC2C71B-4BF4-4299-A0FA-7B7AFD9388BE}.Release|Any CPU.ActiveCfg = Release|Any CPU
		{EDC2C71B-4BF4-4299-A0FA-7B7AFD9388BE}.Release|Any CPU.Build.0 = Release|Any CPU
		{5D23F5D2-0102-4457-8B73-0C45FF625D88}.Debug|Any CPU.ActiveCfg = Debug|Any CPU
		{5D23F5D2-0102-4457-8B73-0C45FF625D88}.Debug|Any CPU.Build.0 = Debug|Any CPU
		{5D23F5D2-0102-4457-8B73-0C45FF625D88}.Release|Any CPU.ActiveCfg = Release|Any CPU
		{5D23F5D2-0102-4457-8B73-0C45FF625D88}.Release|Any CPU.Build.0 = Release|Any CPU
		{3F42891A-D373-40ED-840D-70E634564F64}.Debug|Any CPU.ActiveCfg = Debug|Any CPU
		{3F42891A-D373-40ED-840D-70E634564F64}.Debug|Any CPU.Build.0 = Debug|Any CPU
		{3F42891A-D373-40ED-840D-70E634564F64}.Release|Any CPU.ActiveCfg = Release|Any CPU
		{3F42891A-D373-40ED-840D-70E634564F64}.Release|Any CPU.Build.0 = Release|Any CPU
		{AB740DC9-B66A-4487-809B-E472D663CA49}.Debug|Any CPU.ActiveCfg = Debug|Any CPU
		{AB740DC9-B66A-4487-809B-E472D663CA49}.Debug|Any CPU.Build.0 = Debug|Any CPU
		{AB740DC9-B66A-4487-809B-E472D663CA49}.Release|Any CPU.ActiveCfg = Release|Any CPU
		{AB740DC9-B66A-4487-809B-E472D663CA49}.Release|Any CPU.Build.0 = Release|Any CPU
		{3A6A59D8-0330-459D-95CA-55DA121109E1}.Debug|Any CPU.ActiveCfg = Debug|Any CPU
		{3A6A59D8-0330-459D-95CA-55DA121109E1}.Debug|Any CPU.Build.0 = Debug|Any CPU
		{3A6A59D8-0330-459D-95CA-55DA121109E1}.Release|Any CPU.ActiveCfg = Release|Any CPU
		{3A6A59D8-0330-459D-95CA-55DA121109E1}.Release|Any CPU.Build.0 = Release|Any CPU
		{48BD0BC4-860A-4491-AD19-EAE51F2EEDF4}.Debug|Any CPU.ActiveCfg = Debug|Any CPU
		{48BD0BC4-860A-4491-AD19-EAE51F2EEDF4}.Debug|Any CPU.Build.0 = Debug|Any CPU
		{48BD0BC4-860A-4491-AD19-EAE51F2EEDF4}.Release|Any CPU.ActiveCfg = Release|Any CPU
		{48BD0BC4-860A-4491-AD19-EAE51F2EEDF4}.Release|Any CPU.Build.0 = Release|Any CPU
		{DC9974DA-25A8-4BE4-B1F3-05CEC9332714}.Debug|Any CPU.ActiveCfg = Debug|Any CPU
		{DC9974DA-25A8-4BE4-B1F3-05CEC9332714}.Debug|Any CPU.Build.0 = Debug|Any CPU
		{DC9974DA-25A8-4BE4-B1F3-05CEC9332714}.Release|Any CPU.ActiveCfg = Release|Any CPU
		{DC9974DA-25A8-4BE4-B1F3-05CEC9332714}.Release|Any CPU.Build.0 = Release|Any CPU
		{76A430AC-C453-4F44-99AE-5DAC29912589}.Debug|Any CPU.ActiveCfg = Debug|Any CPU
		{76A430AC-C453-4F44-99AE-5DAC29912589}.Debug|Any CPU.Build.0 = Debug|Any CPU
		{76A430AC-C453-4F44-99AE-5DAC29912589}.Release|Any CPU.ActiveCfg = Release|Any CPU
		{76A430AC-C453-4F44-99AE-5DAC29912589}.Release|Any CPU.Build.0 = Release|Any CPU
		{DEF8BD76-D72E-4E47-965B-380DB675F6AF}.Debug|Any CPU.ActiveCfg = Debug|Any CPU
		{DEF8BD76-D72E-4E47-965B-380DB675F6AF}.Debug|Any CPU.Build.0 = Debug|Any CPU
		{DEF8BD76-D72E-4E47-965B-380DB675F6AF}.Release|Any CPU.ActiveCfg = Release|Any CPU
		{DEF8BD76-D72E-4E47-965B-380DB675F6AF}.Release|Any CPU.Build.0 = Release|Any CPU
	EndGlobalSection
	GlobalSection(SolutionProperties) = preSolution
		HideSolutionNode = FALSE
	EndGlobalSection
	GlobalSection(NestedProjects) = preSolution
		{7EDA736C-0C1C-4CA4-99C7-14F311200378} = {EC979659-5696-4798-8489-3FA5AED4AC42}
		{C548EBF9-35BC-4312-A432-8384E105FA96} = {EC979659-5696-4798-8489-3FA5AED4AC42}
		{654F8DC5-DC02-4C4D-9313-4798C3E11465} = {EC979659-5696-4798-8489-3FA5AED4AC42}
		{A405A977-9E0D-41C1-8335-60878D99D692} = {EC979659-5696-4798-8489-3FA5AED4AC42}
		{4A91204D-4CE3-447E-B32C-3658916BDAD8} = {EC979659-5696-4798-8489-3FA5AED4AC42}
		{995427F1-DE8F-433C-9FE8-DC93E8AD414E} = {1DE44F87-4288-4CF4-AA8F-556758E62FA7}
		{82BBEEA3-4594-472E-919D-807EBFF247E9} = {1DE44F87-4288-4CF4-AA8F-556758E62FA7}
		{E7710BEE-B9E7-4A85-BA98-CA803FEED203} = {1DE44F87-4288-4CF4-AA8F-556758E62FA7}
		{2AB533D4-B67E-420D-A91D-DD0F9DB46F69} = {1DE44F87-4288-4CF4-AA8F-556758E62FA7}
		{011BE7A6-467D-436A-91E3-A727335A8A6E} = {1DE44F87-4288-4CF4-AA8F-556758E62FA7}
		{EDC2C71B-4BF4-4299-A0FA-7B7AFD9388BE} = {CBB975AA-B190-4071-9BB4-F8188C5C43D8}
		{5D23F5D2-0102-4457-8B73-0C45FF625D88} = {CBB975AA-B190-4071-9BB4-F8188C5C43D8}
		{3F42891A-D373-40ED-840D-70E634564F64} = {CBB975AA-B190-4071-9BB4-F8188C5C43D8}
		{AB740DC9-B66A-4487-809B-E472D663CA49} = {CBB975AA-B190-4071-9BB4-F8188C5C43D8}
		{3A6A59D8-0330-459D-95CA-55DA121109E1} = {626C59A6-EAD1-4D5C-99B7-28CE9DBD7F6B}
		{48BD0BC4-860A-4491-AD19-EAE51F2EEDF4} = {626C59A6-EAD1-4D5C-99B7-28CE9DBD7F6B}
		{DC9974DA-25A8-4BE4-B1F3-05CEC9332714} = {626C59A6-EAD1-4D5C-99B7-28CE9DBD7F6B}
		{76A430AC-C453-4F44-99AE-5DAC29912589} = {626C59A6-EAD1-4D5C-99B7-28CE9DBD7F6B}
		{DEF8BD76-D72E-4E47-965B-380DB675F6AF} = {97A27002-2A14-444D-842E-8DAC6C93A920}
	EndGlobalSection
	GlobalSection(ExtensibilityGlobals) = postSolution
		SolutionGuid = {7654657B-2335-4598-A771-FBD449B993A4}
	EndGlobalSection
EndGlobal
